// !$*UTF8*$!
{
	archiveVersion = 1;
	classes = {
	};
	objectVersion = 56;
	objects = {

/* Begin PBXBuildFile section */
		4E11F40129D23124005185F3 /* ConvertoApp.swift in Sources */ = {isa = PBXBuildFile; fileRef = 4E11F40029D23124005185F3 /* ConvertoApp.swift */; };
		4E11F40529D23124005185F3 /* Assets.xcassets in Resources */ = {isa = PBXBuildFile; fileRef = 4E11F40429D23124005185F3 /* Assets.xcassets */; };
		4E11F40929D23124005185F3 /* Preview Assets.xcassets in Resources */ = {isa = PBXBuildFile; fileRef = 4E11F40829D23124005185F3 /* Preview Assets.xcassets */; };
		4E11F41D29D23125005185F3 /* CurrenciesTabUITests.swift in Sources */ = {isa = PBXBuildFile; fileRef = 4E11F41C29D23125005185F3 /* CurrenciesTabUITests.swift */; };
		4E11F42D29D2320D005185F3 /* Currency.swift in Sources */ = {isa = PBXBuildFile; fileRef = 4E11F42C29D2320D005185F3 /* Currency.swift */; };
		4E11F43129D234B6005185F3 /* CurrencyService.swift in Sources */ = {isa = PBXBuildFile; fileRef = 4E11F43029D234B6005185F3 /* CurrencyService.swift */; };
		4E11F43329D23E03005185F3 /* CurrencyListViewModelTests.swift in Sources */ = {isa = PBXBuildFile; fileRef = 4E11F43229D23E03005185F3 /* CurrencyListViewModelTests.swift */; };
		4E11F43829D36212005185F3 /* LatestExchangeRates.swift in Sources */ = {isa = PBXBuildFile; fileRef = 4E11F43729D36212005185F3 /* LatestExchangeRates.swift */; };
		4E11F44D29D5D094005185F3 /* CurrencyListViewModel.swift in Sources */ = {isa = PBXBuildFile; fileRef = 4E11F44A29D5D094005185F3 /* CurrencyListViewModel.swift */; };
		4E11F44E29D5D094005185F3 /* CurrencyListConstants.swift in Sources */ = {isa = PBXBuildFile; fileRef = 4E11F44B29D5D094005185F3 /* CurrencyListConstants.swift */; };
		4E11F44F29D5D094005185F3 /* CurrencyList.swift in Sources */ = {isa = PBXBuildFile; fileRef = 4E11F44C29D5D094005185F3 /* CurrencyList.swift */; };
		4E11F45229D5D0BC005185F3 /* ConversionsTab.swift in Sources */ = {isa = PBXBuildFile; fileRef = 4E11F45129D5D0BC005185F3 /* ConversionsTab.swift */; };
		4E11F45429D5D644005185F3 /* FrankfurterCurrencyService.swift in Sources */ = {isa = PBXBuildFile; fileRef = 4E11F45329D5D644005185F3 /* FrankfurterCurrencyService.swift */; };
		4E11F45729D5DBF0005185F3 /* ConversionsTabViewModel.swift in Sources */ = {isa = PBXBuildFile; fileRef = 4E11F45629D5DBF0005185F3 /* ConversionsTabViewModel.swift */; };
		4E11F45929D75174005185F3 /* CurrencyServiceMock.swift in Sources */ = {isa = PBXBuildFile; fileRef = 4E11F45829D75174005185F3 /* CurrencyServiceMock.swift */; };
		4E11F45B29D751AE005185F3 /* ConversionsTabViewModelTests.swift in Sources */ = {isa = PBXBuildFile; fileRef = 4E11F45A29D751AE005185F3 /* ConversionsTabViewModelTests.swift */; };
		4E11F45D29D76124005185F3 /* AppViewModel.swift in Sources */ = {isa = PBXBuildFile; fileRef = 4E11F45C29D76124005185F3 /* AppViewModel.swift */; };
		4E11F45F29D76166005185F3 /* AppViewModelTests.swift in Sources */ = {isa = PBXBuildFile; fileRef = 4E11F45E29D76166005185F3 /* AppViewModelTests.swift */; };
		4E11F46329D7955E005185F3 /* APIService.swift in Sources */ = {isa = PBXBuildFile; fileRef = 4E11F46229D7955E005185F3 /* APIService.swift */; };
		4E11F46629D7960E005185F3 /* CacheUtilities.swift in Sources */ = {isa = PBXBuildFile; fileRef = 4E11F46529D7960E005185F3 /* CacheUtilities.swift */; };
		4E11F46829D796AE005185F3 /* URLSessionAPIService.swift in Sources */ = {isa = PBXBuildFile; fileRef = 4E11F46729D796AE005185F3 /* URLSessionAPIService.swift */; };
		4E11F46A29D797B9005185F3 /* FrankfurterCurrencyServiceTests.swift in Sources */ = {isa = PBXBuildFile; fileRef = 4E11F46929D797B9005185F3 /* FrankfurterCurrencyServiceTests.swift */; };
		4E11F47029D7983F005185F3 /* APIServiceMock.swift in Sources */ = {isa = PBXBuildFile; fileRef = 4E11F46F29D7983F005185F3 /* APIServiceMock.swift */; };
		4E11F47A29D86B8F005185F3 /* Localizable.strings in Resources */ = {isa = PBXBuildFile; fileRef = 4E11F47C29D86B8F005185F3 /* Localizable.strings */; };
		4E11F47F29D86F03005185F3 /* ConversionsTabConstants.swift in Sources */ = {isa = PBXBuildFile; fileRef = 4E11F47E29D86F03005185F3 /* ConversionsTabConstants.swift */; };
		4E11F48529D8BE60005185F3 /* OHHTTPStubs in Frameworks */ = {isa = PBXBuildFile; productRef = 4E11F48429D8BE60005185F3 /* OHHTTPStubs */; };
		4E11F48729D8BE60005185F3 /* OHHTTPStubsSwift in Frameworks */ = {isa = PBXBuildFile; productRef = 4E11F48629D8BE60005185F3 /* OHHTTPStubsSwift */; };
		4E11F48A29D8BF28005185F3 /* Currencies.json in Resources */ = {isa = PBXBuildFile; fileRef = 4E11F48929D8BF28005185F3 /* Currencies.json */; };
		4E11F48C29D8C084005185F3 /* LatestAUD.json in Resources */ = {isa = PBXBuildFile; fileRef = 4E11F48B29D8C084005185F3 /* LatestAUD.json */; };
		4E11F48F29D8C194005185F3 /* OHHTTPStubs in Frameworks */ = {isa = PBXBuildFile; productRef = 4E11F48E29D8C194005185F3 /* OHHTTPStubs */; };
		4E11F49129D8C194005185F3 /* OHHTTPStubsSwift in Frameworks */ = {isa = PBXBuildFile; productRef = 4E11F49029D8C194005185F3 /* OHHTTPStubsSwift */; };
		4E11F49329D8C49E005185F3 /* ConversionsTabUITests.swift in Sources */ = {isa = PBXBuildFile; fileRef = 4E11F49229D8C49E005185F3 /* ConversionsTabUITests.swift */; };
		4E11F49529D8C50F005185F3 /* GBPtoEUR.json in Resources */ = {isa = PBXBuildFile; fileRef = 4E11F49429D8C50F005185F3 /* GBPtoEUR.json */; };
		4E11F49729D8C560005185F3 /* BaseUITestCase.swift in Sources */ = {isa = PBXBuildFile; fileRef = 4E11F49629D8C560005185F3 /* BaseUITestCase.swift */; };
/* End PBXBuildFile section */

/* Begin PBXContainerItemProxy section */
		4E11F40F29D23125005185F3 /* PBXContainerItemProxy */ = {
			isa = PBXContainerItemProxy;
			containerPortal = 4E11F3F529D23124005185F3 /* Project object */;
			proxyType = 1;
			remoteGlobalIDString = 4E11F3FC29D23124005185F3;
			remoteInfo = Converto;
		};
		4E11F41929D23125005185F3 /* PBXContainerItemProxy */ = {
			isa = PBXContainerItemProxy;
			containerPortal = 4E11F3F529D23124005185F3 /* Project object */;
			proxyType = 1;
			remoteGlobalIDString = 4E11F3FC29D23124005185F3;
			remoteInfo = Converto;
		};
/* End PBXContainerItemProxy section */

/* Begin PBXFileReference section */
		4E11F3FD29D23124005185F3 /* Converto.app */ = {isa = PBXFileReference; explicitFileType = wrapper.application; includeInIndex = 0; path = Converto.app; sourceTree = BUILT_PRODUCTS_DIR; };
		4E11F40029D23124005185F3 /* ConvertoApp.swift */ = {isa = PBXFileReference; lastKnownFileType = sourcecode.swift; path = ConvertoApp.swift; sourceTree = "<group>"; };
		4E11F40429D23124005185F3 /* Assets.xcassets */ = {isa = PBXFileReference; lastKnownFileType = folder.assetcatalog; path = Assets.xcassets; sourceTree = "<group>"; };
		4E11F40629D23124005185F3 /* Converto.entitlements */ = {isa = PBXFileReference; lastKnownFileType = text.plist.entitlements; path = Converto.entitlements; sourceTree = "<group>"; };
		4E11F40829D23124005185F3 /* Preview Assets.xcassets */ = {isa = PBXFileReference; lastKnownFileType = folder.assetcatalog; path = "Preview Assets.xcassets"; sourceTree = "<group>"; };
		4E11F40E29D23125005185F3 /* ConvertoTests.xctest */ = {isa = PBXFileReference; explicitFileType = wrapper.cfbundle; includeInIndex = 0; path = ConvertoTests.xctest; sourceTree = BUILT_PRODUCTS_DIR; };
		4E11F41829D23125005185F3 /* ConvertoUITests.xctest */ = {isa = PBXFileReference; explicitFileType = wrapper.cfbundle; includeInIndex = 0; path = ConvertoUITests.xctest; sourceTree = BUILT_PRODUCTS_DIR; };
		4E11F41C29D23125005185F3 /* CurrenciesTabUITests.swift */ = {isa = PBXFileReference; lastKnownFileType = sourcecode.swift; path = CurrenciesTabUITests.swift; sourceTree = "<group>"; };
		4E11F42C29D2320D005185F3 /* Currency.swift */ = {isa = PBXFileReference; lastKnownFileType = sourcecode.swift; path = Currency.swift; sourceTree = "<group>"; };
		4E11F43029D234B6005185F3 /* CurrencyService.swift */ = {isa = PBXFileReference; lastKnownFileType = sourcecode.swift; path = CurrencyService.swift; sourceTree = "<group>"; };
		4E11F43229D23E03005185F3 /* CurrencyListViewModelTests.swift */ = {isa = PBXFileReference; lastKnownFileType = sourcecode.swift; path = CurrencyListViewModelTests.swift; sourceTree = "<group>"; };
		4E11F43729D36212005185F3 /* LatestExchangeRates.swift */ = {isa = PBXFileReference; lastKnownFileType = sourcecode.swift; path = LatestExchangeRates.swift; sourceTree = "<group>"; };
		4E11F44A29D5D094005185F3 /* CurrencyListViewModel.swift */ = {isa = PBXFileReference; fileEncoding = 4; lastKnownFileType = sourcecode.swift; path = CurrencyListViewModel.swift; sourceTree = "<group>"; };
		4E11F44B29D5D094005185F3 /* CurrencyListConstants.swift */ = {isa = PBXFileReference; fileEncoding = 4; lastKnownFileType = sourcecode.swift; path = CurrencyListConstants.swift; sourceTree = "<group>"; };
		4E11F44C29D5D094005185F3 /* CurrencyList.swift */ = {isa = PBXFileReference; fileEncoding = 4; lastKnownFileType = sourcecode.swift; path = CurrencyList.swift; sourceTree = "<group>"; };
		4E11F45129D5D0BC005185F3 /* ConversionsTab.swift */ = {isa = PBXFileReference; lastKnownFileType = sourcecode.swift; path = ConversionsTab.swift; sourceTree = "<group>"; };
		4E11F45329D5D644005185F3 /* FrankfurterCurrencyService.swift */ = {isa = PBXFileReference; lastKnownFileType = sourcecode.swift; path = FrankfurterCurrencyService.swift; sourceTree = "<group>"; };
		4E11F45629D5DBF0005185F3 /* ConversionsTabViewModel.swift */ = {isa = PBXFileReference; lastKnownFileType = sourcecode.swift; path = ConversionsTabViewModel.swift; sourceTree = "<group>"; };
		4E11F45829D75174005185F3 /* CurrencyServiceMock.swift */ = {isa = PBXFileReference; lastKnownFileType = sourcecode.swift; path = CurrencyServiceMock.swift; sourceTree = "<group>"; };
		4E11F45A29D751AE005185F3 /* ConversionsTabViewModelTests.swift */ = {isa = PBXFileReference; lastKnownFileType = sourcecode.swift; path = ConversionsTabViewModelTests.swift; sourceTree = "<group>"; };
		4E11F45C29D76124005185F3 /* AppViewModel.swift */ = {isa = PBXFileReference; lastKnownFileType = sourcecode.swift; path = AppViewModel.swift; sourceTree = "<group>"; };
		4E11F45E29D76166005185F3 /* AppViewModelTests.swift */ = {isa = PBXFileReference; lastKnownFileType = sourcecode.swift; path = AppViewModelTests.swift; sourceTree = "<group>"; };
		4E11F46229D7955E005185F3 /* APIService.swift */ = {isa = PBXFileReference; lastKnownFileType = sourcecode.swift; path = APIService.swift; sourceTree = "<group>"; };
		4E11F46529D7960E005185F3 /* CacheUtilities.swift */ = {isa = PBXFileReference; lastKnownFileType = sourcecode.swift; path = CacheUtilities.swift; sourceTree = "<group>"; };
		4E11F46729D796AE005185F3 /* URLSessionAPIService.swift */ = {isa = PBXFileReference; lastKnownFileType = sourcecode.swift; path = URLSessionAPIService.swift; sourceTree = "<group>"; };
		4E11F46929D797B9005185F3 /* FrankfurterCurrencyServiceTests.swift */ = {isa = PBXFileReference; lastKnownFileType = sourcecode.swift; path = FrankfurterCurrencyServiceTests.swift; sourceTree = "<group>"; };
		4E11F46F29D7983F005185F3 /* APIServiceMock.swift */ = {isa = PBXFileReference; lastKnownFileType = sourcecode.swift; path = APIServiceMock.swift; sourceTree = "<group>"; };
		4E11F47B29D86B8F005185F3 /* en */ = {isa = PBXFileReference; lastKnownFileType = text.plist.strings; name = en; path = en.lproj/Localizable.strings; sourceTree = "<group>"; };
		4E11F47D29D86B93005185F3 /* pt-BR */ = {isa = PBXFileReference; lastKnownFileType = text.plist.strings; name = "pt-BR"; path = "pt-BR.lproj/Localizable.strings"; sourceTree = "<group>"; };
		4E11F47E29D86F03005185F3 /* ConversionsTabConstants.swift */ = {isa = PBXFileReference; lastKnownFileType = sourcecode.swift; path = ConversionsTabConstants.swift; sourceTree = "<group>"; };
		4E11F48929D8BF28005185F3 /* Currencies.json */ = {isa = PBXFileReference; lastKnownFileType = text.json; path = Currencies.json; sourceTree = "<group>"; };
		4E11F48B29D8C084005185F3 /* LatestAUD.json */ = {isa = PBXFileReference; lastKnownFileType = text.json; path = LatestAUD.json; sourceTree = "<group>"; };
		4E11F49229D8C49E005185F3 /* ConversionsTabUITests.swift */ = {isa = PBXFileReference; lastKnownFileType = sourcecode.swift; path = ConversionsTabUITests.swift; sourceTree = "<group>"; };
		4E11F49429D8C50F005185F3 /* GBPtoEUR.json */ = {isa = PBXFileReference; lastKnownFileType = text.json; path = GBPtoEUR.json; sourceTree = "<group>"; };
		4E11F49629D8C560005185F3 /* BaseUITestCase.swift */ = {isa = PBXFileReference; lastKnownFileType = sourcecode.swift; path = BaseUITestCase.swift; sourceTree = "<group>"; };
/* End PBXFileReference section */

/* Begin PBXFrameworksBuildPhase section */
		4E11F3FA29D23124005185F3 /* Frameworks */ = {
			isa = PBXFrameworksBuildPhase;
			buildActionMask = 2147483647;
			files = (
				4E11F48529D8BE60005185F3 /* OHHTTPStubs in Frameworks */,
				4E11F48729D8BE60005185F3 /* OHHTTPStubsSwift in Frameworks */,
			);
			runOnlyForDeploymentPostprocessing = 0;
		};
		4E11F40B29D23125005185F3 /* Frameworks */ = {
			isa = PBXFrameworksBuildPhase;
			buildActionMask = 2147483647;
			files = (
			);
			runOnlyForDeploymentPostprocessing = 0;
		};
		4E11F41529D23125005185F3 /* Frameworks */ = {
			isa = PBXFrameworksBuildPhase;
			buildActionMask = 2147483647;
			files = (
				4E11F48F29D8C194005185F3 /* OHHTTPStubs in Frameworks */,
				4E11F49129D8C194005185F3 /* OHHTTPStubsSwift in Frameworks */,
			);
			runOnlyForDeploymentPostprocessing = 0;
		};
/* End PBXFrameworksBuildPhase section */

/* Begin PBXGroup section */
		4E11F3F429D23124005185F3 = {
			isa = PBXGroup;
			children = (
				4E11F3FF29D23124005185F3 /* Converto */,
				4E11F41129D23125005185F3 /* ConvertoTests */,
				4E11F41B29D23125005185F3 /* ConvertoUITests */,
				4E11F3FE29D23124005185F3 /* Products */,
				4E11F48D29D8C194005185F3 /* Frameworks */,
			);
			sourceTree = "<group>";
		};
		4E11F3FE29D23124005185F3 /* Products */ = {
			isa = PBXGroup;
			children = (
				4E11F3FD29D23124005185F3 /* Converto.app */,
				4E11F40E29D23125005185F3 /* ConvertoTests.xctest */,
				4E11F41829D23125005185F3 /* ConvertoUITests.xctest */,
			);
			name = Products;
			sourceTree = "<group>";
		};
		4E11F3FF29D23124005185F3 /* Converto */ = {
			isa = PBXGroup;
			children = (
				4E11F43429D35633005185F3 /* Views */,
				4E11F42B29D231FD005185F3 /* ConvertoKit */,
				4E11F40429D23124005185F3 /* Assets.xcassets */,
				4E11F40629D23124005185F3 /* Converto.entitlements */,
				4E11F40729D23124005185F3 /* Preview Content */,
			);
			path = Converto;
			sourceTree = "<group>";
		};
		4E11F40729D23124005185F3 /* Preview Content */ = {
			isa = PBXGroup;
			children = (
				4E11F40829D23124005185F3 /* Preview Assets.xcassets */,
			);
			path = "Preview Content";
			sourceTree = "<group>";
		};
		4E11F41129D23125005185F3 /* ConvertoTests */ = {
			isa = PBXGroup;
			children = (
				4E11F46D29D79810005185F3 /* Services */,
				4E11F46C29D79803005185F3 /* ViewModels */,
				4E11F46B29D797F9005185F3 /* Mocks */,
			);
			path = ConvertoTests;
			sourceTree = "<group>";
		};
		4E11F41B29D23125005185F3 /* ConvertoUITests */ = {
			isa = PBXGroup;
			children = (
				4E11F48829D8BF18005185F3 /* Fixtures */,
				4E11F41C29D23125005185F3 /* CurrenciesTabUITests.swift */,
				4E11F49229D8C49E005185F3 /* ConversionsTabUITests.swift */,
				4E11F49629D8C560005185F3 /* BaseUITestCase.swift */,
			);
			path = ConvertoUITests;
			sourceTree = "<group>";
		};
		4E11F42B29D231FD005185F3 /* ConvertoKit */ = {
			isa = PBXGroup;
			children = (
				4E11F46429D795F9005185F3 /* Utilities */,
				4E11F46129D79548005185F3 /* Network */,
				4E11F46029D7649E005185F3 /* Services */,
				4E11F45529D5D669005185F3 /* Models */,
			);
			path = ConvertoKit;
			sourceTree = "<group>";
		};
		4E11F43429D35633005185F3 /* Views */ = {
			isa = PBXGroup;
			children = (
				4E11F47729D86B5E005185F3 /* Resources */,
				4E11F40029D23124005185F3 /* ConvertoApp.swift */,
				4E11F45C29D76124005185F3 /* AppViewModel.swift */,
				4E11F45029D5D098005185F3 /* ConversionsTab */,
				4E11F44929D5D078005185F3 /* CurrencyList */,
			);
			path = Views;
			sourceTree = "<group>";
		};
		4E11F44929D5D078005185F3 /* CurrencyList */ = {
			isa = PBXGroup;
			children = (
				4E11F44C29D5D094005185F3 /* CurrencyList.swift */,
				4E11F44B29D5D094005185F3 /* CurrencyListConstants.swift */,
				4E11F44A29D5D094005185F3 /* CurrencyListViewModel.swift */,
			);
			path = CurrencyList;
			sourceTree = "<group>";
		};
		4E11F45029D5D098005185F3 /* ConversionsTab */ = {
			isa = PBXGroup;
			children = (
				4E11F45129D5D0BC005185F3 /* ConversionsTab.swift */,
				4E11F45629D5DBF0005185F3 /* ConversionsTabViewModel.swift */,
				4E11F47E29D86F03005185F3 /* ConversionsTabConstants.swift */,
			);
			path = ConversionsTab;
			sourceTree = "<group>";
		};
		4E11F45529D5D669005185F3 /* Models */ = {
			isa = PBXGroup;
			children = (
				4E11F42C29D2320D005185F3 /* Currency.swift */,
				4E11F43729D36212005185F3 /* LatestExchangeRates.swift */,
			);
			path = Models;
			sourceTree = "<group>";
		};
		4E11F46029D7649E005185F3 /* Services */ = {
			isa = PBXGroup;
			children = (
				4E11F43029D234B6005185F3 /* CurrencyService.swift */,
				4E11F45329D5D644005185F3 /* FrankfurterCurrencyService.swift */,
			);
			path = Services;
			sourceTree = "<group>";
		};
		4E11F46129D79548005185F3 /* Network */ = {
			isa = PBXGroup;
			children = (
				4E11F46229D7955E005185F3 /* APIService.swift */,
				4E11F46729D796AE005185F3 /* URLSessionAPIService.swift */,
			);
			path = Network;
			sourceTree = "<group>";
		};
		4E11F46429D795F9005185F3 /* Utilities */ = {
			isa = PBXGroup;
			children = (
				4E11F46529D7960E005185F3 /* CacheUtilities.swift */,
			);
			path = Utilities;
			sourceTree = "<group>";
		};
		4E11F46B29D797F9005185F3 /* Mocks */ = {
			isa = PBXGroup;
			children = (
				4E11F45829D75174005185F3 /* CurrencyServiceMock.swift */,
				4E11F46F29D7983F005185F3 /* APIServiceMock.swift */,
			);
			path = Mocks;
			sourceTree = "<group>";
		};
		4E11F46C29D79803005185F3 /* ViewModels */ = {
			isa = PBXGroup;
			children = (
				4E11F43229D23E03005185F3 /* CurrencyListViewModelTests.swift */,
				4E11F45A29D751AE005185F3 /* ConversionsTabViewModelTests.swift */,
				4E11F45E29D76166005185F3 /* AppViewModelTests.swift */,
			);
			path = ViewModels;
			sourceTree = "<group>";
		};
		4E11F46D29D79810005185F3 /* Services */ = {
			isa = PBXGroup;
			children = (
				4E11F46929D797B9005185F3 /* FrankfurterCurrencyServiceTests.swift */,
			);
			path = Services;
			sourceTree = "<group>";
		};
		4E11F47729D86B5E005185F3 /* Resources */ = {
			isa = PBXGroup;
			children = (
				4E11F47C29D86B8F005185F3 /* Localizable.strings */,
			);
			path = Resources;
			sourceTree = "<group>";
		};
		4E11F48829D8BF18005185F3 /* Fixtures */ = {
			isa = PBXGroup;
			children = (
				4E11F48929D8BF28005185F3 /* Currencies.json */,
				4E11F48B29D8C084005185F3 /* LatestAUD.json */,
				4E11F49429D8C50F005185F3 /* GBPtoEUR.json */,
			);
			path = Fixtures;
			sourceTree = "<group>";
		};
		4E11F48D29D8C194005185F3 /* Frameworks */ = {
			isa = PBXGroup;
			children = (
			);
			name = Frameworks;
			sourceTree = "<group>";
		};
/* End PBXGroup section */

/* Begin PBXNativeTarget section */
		4E11F3FC29D23124005185F3 /* Converto */ = {
			isa = PBXNativeTarget;
			buildConfigurationList = 4E11F42229D23125005185F3 /* Build configuration list for PBXNativeTarget "Converto" */;
			buildPhases = (
				4E11F3F929D23124005185F3 /* Sources */,
				4E11F3FA29D23124005185F3 /* Frameworks */,
				4E11F3FB29D23124005185F3 /* Resources */,
			);
			buildRules = (
			);
			dependencies = (
			);
			name = Converto;
			packageProductDependencies = (
				4E11F48429D8BE60005185F3 /* OHHTTPStubs */,
				4E11F48629D8BE60005185F3 /* OHHTTPStubsSwift */,
			);
			productName = Converto;
			productReference = 4E11F3FD29D23124005185F3 /* Converto.app */;
			productType = "com.apple.product-type.application";
		};
		4E11F40D29D23125005185F3 /* ConvertoTests */ = {
			isa = PBXNativeTarget;
			buildConfigurationList = 4E11F42529D23125005185F3 /* Build configuration list for PBXNativeTarget "ConvertoTests" */;
			buildPhases = (
				4E11F40A29D23125005185F3 /* Sources */,
				4E11F40B29D23125005185F3 /* Frameworks */,
				4E11F40C29D23125005185F3 /* Resources */,
			);
			buildRules = (
			);
			dependencies = (
				4E11F41029D23125005185F3 /* PBXTargetDependency */,
			);
			name = ConvertoTests;
			productName = ConvertoTests;
			productReference = 4E11F40E29D23125005185F3 /* ConvertoTests.xctest */;
			productType = "com.apple.product-type.bundle.unit-test";
		};
		4E11F41729D23125005185F3 /* ConvertoUITests */ = {
			isa = PBXNativeTarget;
			buildConfigurationList = 4E11F42829D23125005185F3 /* Build configuration list for PBXNativeTarget "ConvertoUITests" */;
			buildPhases = (
				4E11F41429D23125005185F3 /* Sources */,
				4E11F41529D23125005185F3 /* Frameworks */,
				4E11F41629D23125005185F3 /* Resources */,
			);
			buildRules = (
			);
			dependencies = (
				4E11F41A29D23125005185F3 /* PBXTargetDependency */,
			);
			name = ConvertoUITests;
			packageProductDependencies = (
				4E11F48E29D8C194005185F3 /* OHHTTPStubs */,
				4E11F49029D8C194005185F3 /* OHHTTPStubsSwift */,
			);
			productName = ConvertoUITests;
			productReference = 4E11F41829D23125005185F3 /* ConvertoUITests.xctest */;
			productType = "com.apple.product-type.bundle.ui-testing";
		};
/* End PBXNativeTarget section */

/* Begin PBXProject section */
		4E11F3F529D23124005185F3 /* Project object */ = {
			isa = PBXProject;
			attributes = {
				BuildIndependentTargetsInParallel = 1;
				LastSwiftUpdateCheck = 1420;
				LastUpgradeCheck = 1420;
				TargetAttributes = {
					4E11F3FC29D23124005185F3 = {
						CreatedOnToolsVersion = 14.2;
					};
					4E11F40D29D23125005185F3 = {
						CreatedOnToolsVersion = 14.2;
						TestTargetID = 4E11F3FC29D23124005185F3;
					};
					4E11F41729D23125005185F3 = {
						CreatedOnToolsVersion = 14.2;
						TestTargetID = 4E11F3FC29D23124005185F3;
					};
				};
			};
			buildConfigurationList = 4E11F3F829D23124005185F3 /* Build configuration list for PBXProject "Converto" */;
			compatibilityVersion = "Xcode 14.0";
			developmentRegion = en;
			hasScannedForEncodings = 0;
			knownRegions = (
				en,
				Base,
				"pt-BR",
			);
			mainGroup = 4E11F3F429D23124005185F3;
			packageReferences = (
				4E11F48329D8BE60005185F3 /* XCRemoteSwiftPackageReference "OHHTTPStubs" */,
			);
			productRefGroup = 4E11F3FE29D23124005185F3 /* Products */;
			projectDirPath = "";
			projectRoot = "";
			targets = (
				4E11F3FC29D23124005185F3 /* Converto */,
				4E11F40D29D23125005185F3 /* ConvertoTests */,
				4E11F41729D23125005185F3 /* ConvertoUITests */,
			);
		};
/* End PBXProject section */

/* Begin PBXResourcesBuildPhase section */
		4E11F3FB29D23124005185F3 /* Resources */ = {
			isa = PBXResourcesBuildPhase;
			buildActionMask = 2147483647;
			files = (
				4E11F40929D23124005185F3 /* Preview Assets.xcassets in Resources */,
				4E11F47A29D86B8F005185F3 /* Localizable.strings in Resources */,
				4E11F40529D23124005185F3 /* Assets.xcassets in Resources */,
			);
			runOnlyForDeploymentPostprocessing = 0;
		};
		4E11F40C29D23125005185F3 /* Resources */ = {
			isa = PBXResourcesBuildPhase;
			buildActionMask = 2147483647;
			files = (
			);
			runOnlyForDeploymentPostprocessing = 0;
		};
		4E11F41629D23125005185F3 /* Resources */ = {
			isa = PBXResourcesBuildPhase;
			buildActionMask = 2147483647;
			files = (
				4E11F49529D8C50F005185F3 /* GBPtoEUR.json in Resources */,
				4E11F48A29D8BF28005185F3 /* Currencies.json in Resources */,
				4E11F48C29D8C084005185F3 /* LatestAUD.json in Resources */,
			);
			runOnlyForDeploymentPostprocessing = 0;
		};
/* End PBXResourcesBuildPhase section */

/* Begin PBXSourcesBuildPhase section */
		4E11F3F929D23124005185F3 /* Sources */ = {
			isa = PBXSourcesBuildPhase;
			buildActionMask = 2147483647;
			files = (
				4E11F43129D234B6005185F3 /* CurrencyService.swift in Sources */,
				4E11F40129D23124005185F3 /* ConvertoApp.swift in Sources */,
				4E11F45729D5DBF0005185F3 /* ConversionsTabViewModel.swift in Sources */,
				4E11F44F29D5D094005185F3 /* CurrencyList.swift in Sources */,
				4E11F46629D7960E005185F3 /* CacheUtilities.swift in Sources */,
				4E11F45429D5D644005185F3 /* FrankfurterCurrencyService.swift in Sources */,
				4E11F44E29D5D094005185F3 /* CurrencyListConstants.swift in Sources */,
				4E11F46829D796AE005185F3 /* URLSessionAPIService.swift in Sources */,
				4E11F44D29D5D094005185F3 /* CurrencyListViewModel.swift in Sources */,
				4E11F43829D36212005185F3 /* LatestExchangeRates.swift in Sources */,
				4E11F45D29D76124005185F3 /* AppViewModel.swift in Sources */,
				4E11F42D29D2320D005185F3 /* Currency.swift in Sources */,
				4E11F47F29D86F03005185F3 /* ConversionsTabConstants.swift in Sources */,
				4E11F46329D7955E005185F3 /* APIService.swift in Sources */,
				4E11F45229D5D0BC005185F3 /* ConversionsTab.swift in Sources */,
			);
			runOnlyForDeploymentPostprocessing = 0;
		};
		4E11F40A29D23125005185F3 /* Sources */ = {
			isa = PBXSourcesBuildPhase;
			buildActionMask = 2147483647;
			files = (
				4E11F45929D75174005185F3 /* CurrencyServiceMock.swift in Sources */,
				4E11F43329D23E03005185F3 /* CurrencyListViewModelTests.swift in Sources */,
				4E11F47029D7983F005185F3 /* APIServiceMock.swift in Sources */,
				4E11F45F29D76166005185F3 /* AppViewModelTests.swift in Sources */,
				4E11F45B29D751AE005185F3 /* ConversionsTabViewModelTests.swift in Sources */,
				4E11F46A29D797B9005185F3 /* FrankfurterCurrencyServiceTests.swift in Sources */,
			);
			runOnlyForDeploymentPostprocessing = 0;
		};
		4E11F41429D23125005185F3 /* Sources */ = {
			isa = PBXSourcesBuildPhase;
			buildActionMask = 2147483647;
			files = (
				4E11F41D29D23125005185F3 /* CurrenciesTabUITests.swift in Sources */,
				4E11F49329D8C49E005185F3 /* ConversionsTabUITests.swift in Sources */,
				4E11F49729D8C560005185F3 /* BaseUITestCase.swift in Sources */,
			);
			runOnlyForDeploymentPostprocessing = 0;
		};
/* End PBXSourcesBuildPhase section */

/* Begin PBXTargetDependency section */
		4E11F41029D23125005185F3 /* PBXTargetDependency */ = {
			isa = PBXTargetDependency;
			target = 4E11F3FC29D23124005185F3 /* Converto */;
			targetProxy = 4E11F40F29D23125005185F3 /* PBXContainerItemProxy */;
		};
		4E11F41A29D23125005185F3 /* PBXTargetDependency */ = {
			isa = PBXTargetDependency;
			target = 4E11F3FC29D23124005185F3 /* Converto */;
			targetProxy = 4E11F41929D23125005185F3 /* PBXContainerItemProxy */;
		};
/* End PBXTargetDependency section */

/* Begin PBXVariantGroup section */
		4E11F47C29D86B8F005185F3 /* Localizable.strings */ = {
			isa = PBXVariantGroup;
			children = (
				4E11F47B29D86B8F005185F3 /* en */,
				4E11F47D29D86B93005185F3 /* pt-BR */,
			);
			name = Localizable.strings;
			sourceTree = "<group>";
		};
/* End PBXVariantGroup section */

/* Begin XCBuildConfiguration section */
		4E11F42029D23125005185F3 /* Debug */ = {
			isa = XCBuildConfiguration;
			buildSettings = {
				ALWAYS_SEARCH_USER_PATHS = NO;
				CLANG_ANALYZER_NONNULL = YES;
				CLANG_ANALYZER_NUMBER_OBJECT_CONVERSION = YES_AGGRESSIVE;
				CLANG_CXX_LANGUAGE_STANDARD = "gnu++20";
				CLANG_ENABLE_MODULES = YES;
				CLANG_ENABLE_OBJC_ARC = YES;
				CLANG_ENABLE_OBJC_WEAK = YES;
				CLANG_WARN_BLOCK_CAPTURE_AUTORELEASING = YES;
				CLANG_WARN_BOOL_CONVERSION = YES;
				CLANG_WARN_COMMA = YES;
				CLANG_WARN_CONSTANT_CONVERSION = YES;
				CLANG_WARN_DEPRECATED_OBJC_IMPLEMENTATIONS = YES;
				CLANG_WARN_DIRECT_OBJC_ISA_USAGE = YES_ERROR;
				CLANG_WARN_DOCUMENTATION_COMMENTS = YES;
				CLANG_WARN_EMPTY_BODY = YES;
				CLANG_WARN_ENUM_CONVERSION = YES;
				CLANG_WARN_INFINITE_RECURSION = YES;
				CLANG_WARN_INT_CONVERSION = YES;
				CLANG_WARN_NON_LITERAL_NULL_CONVERSION = YES;
				CLANG_WARN_OBJC_IMPLICIT_RETAIN_SELF = YES;
				CLANG_WARN_OBJC_LITERAL_CONVERSION = YES;
				CLANG_WARN_OBJC_ROOT_CLASS = YES_ERROR;
				CLANG_WARN_QUOTED_INCLUDE_IN_FRAMEWORK_HEADER = YES;
				CLANG_WARN_RANGE_LOOP_ANALYSIS = YES;
				CLANG_WARN_STRICT_PROTOTYPES = YES;
				CLANG_WARN_SUSPICIOUS_MOVE = YES;
				CLANG_WARN_UNGUARDED_AVAILABILITY = YES_AGGRESSIVE;
				CLANG_WARN_UNREACHABLE_CODE = YES;
				CLANG_WARN__DUPLICATE_METHOD_MATCH = YES;
				COPY_PHASE_STRIP = NO;
				DEBUG_INFORMATION_FORMAT = dwarf;
				ENABLE_STRICT_OBJC_MSGSEND = YES;
				ENABLE_TESTABILITY = YES;
				GCC_C_LANGUAGE_STANDARD = gnu11;
				GCC_DYNAMIC_NO_PIC = NO;
				GCC_NO_COMMON_BLOCKS = YES;
				GCC_OPTIMIZATION_LEVEL = 0;
				GCC_PREPROCESSOR_DEFINITIONS = (
					"DEBUG=1",
					"$(inherited)",
				);
				GCC_WARN_64_TO_32_BIT_CONVERSION = YES;
				GCC_WARN_ABOUT_RETURN_TYPE = YES_ERROR;
				GCC_WARN_UNDECLARED_SELECTOR = YES;
				GCC_WARN_UNINITIALIZED_AUTOS = YES_AGGRESSIVE;
				GCC_WARN_UNUSED_FUNCTION = YES;
				GCC_WARN_UNUSED_VARIABLE = YES;
				MTL_ENABLE_DEBUG_INFO = INCLUDE_SOURCE;
				MTL_FAST_MATH = YES;
				ONLY_ACTIVE_ARCH = YES;
				SWIFT_ACTIVE_COMPILATION_CONDITIONS = DEBUG;
				SWIFT_EMIT_LOC_STRINGS = YES;
				SWIFT_OPTIMIZATION_LEVEL = "-Onone";
			};
			name = Debug;
		};
		4E11F42129D23125005185F3 /* Release */ = {
			isa = XCBuildConfiguration;
			buildSettings = {
				ALWAYS_SEARCH_USER_PATHS = NO;
				CLANG_ANALYZER_NONNULL = YES;
				CLANG_ANALYZER_NUMBER_OBJECT_CONVERSION = YES_AGGRESSIVE;
				CLANG_CXX_LANGUAGE_STANDARD = "gnu++20";
				CLANG_ENABLE_MODULES = YES;
				CLANG_ENABLE_OBJC_ARC = YES;
				CLANG_ENABLE_OBJC_WEAK = YES;
				CLANG_WARN_BLOCK_CAPTURE_AUTORELEASING = YES;
				CLANG_WARN_BOOL_CONVERSION = YES;
				CLANG_WARN_COMMA = YES;
				CLANG_WARN_CONSTANT_CONVERSION = YES;
				CLANG_WARN_DEPRECATED_OBJC_IMPLEMENTATIONS = YES;
				CLANG_WARN_DIRECT_OBJC_ISA_USAGE = YES_ERROR;
				CLANG_WARN_DOCUMENTATION_COMMENTS = YES;
				CLANG_WARN_EMPTY_BODY = YES;
				CLANG_WARN_ENUM_CONVERSION = YES;
				CLANG_WARN_INFINITE_RECURSION = YES;
				CLANG_WARN_INT_CONVERSION = YES;
				CLANG_WARN_NON_LITERAL_NULL_CONVERSION = YES;
				CLANG_WARN_OBJC_IMPLICIT_RETAIN_SELF = YES;
				CLANG_WARN_OBJC_LITERAL_CONVERSION = YES;
				CLANG_WARN_OBJC_ROOT_CLASS = YES_ERROR;
				CLANG_WARN_QUOTED_INCLUDE_IN_FRAMEWORK_HEADER = YES;
				CLANG_WARN_RANGE_LOOP_ANALYSIS = YES;
				CLANG_WARN_STRICT_PROTOTYPES = YES;
				CLANG_WARN_SUSPICIOUS_MOVE = YES;
				CLANG_WARN_UNGUARDED_AVAILABILITY = YES_AGGRESSIVE;
				CLANG_WARN_UNREACHABLE_CODE = YES;
				CLANG_WARN__DUPLICATE_METHOD_MATCH = YES;
				COPY_PHASE_STRIP = NO;
				DEBUG_INFORMATION_FORMAT = "dwarf-with-dsym";
				ENABLE_NS_ASSERTIONS = NO;
				ENABLE_STRICT_OBJC_MSGSEND = YES;
				GCC_C_LANGUAGE_STANDARD = gnu11;
				GCC_NO_COMMON_BLOCKS = YES;
				GCC_WARN_64_TO_32_BIT_CONVERSION = YES;
				GCC_WARN_ABOUT_RETURN_TYPE = YES_ERROR;
				GCC_WARN_UNDECLARED_SELECTOR = YES;
				GCC_WARN_UNINITIALIZED_AUTOS = YES_AGGRESSIVE;
				GCC_WARN_UNUSED_FUNCTION = YES;
				GCC_WARN_UNUSED_VARIABLE = YES;
				MTL_ENABLE_DEBUG_INFO = NO;
				MTL_FAST_MATH = YES;
				SWIFT_COMPILATION_MODE = wholemodule;
				SWIFT_EMIT_LOC_STRINGS = YES;
				SWIFT_OPTIMIZATION_LEVEL = "-O";
			};
			name = Release;
		};
		4E11F42329D23125005185F3 /* Debug */ = {
			isa = XCBuildConfiguration;
			buildSettings = {
				ASSETCATALOG_COMPILER_APPICON_NAME = AppIcon;
				ASSETCATALOG_COMPILER_GLOBAL_ACCENT_COLOR_NAME = AccentColor;
				ASSETCATALOG_COMPILER_INCLUDE_ALL_APPICON_ASSETS = YES;
				CODE_SIGN_ENTITLEMENTS = Converto/Converto.entitlements;
				CODE_SIGN_STYLE = Automatic;
				CURRENT_PROJECT_VERSION = 1;
				DEVELOPMENT_ASSET_PATHS = "\"Converto/Preview Content\"";
				ENABLE_PREVIEWS = YES;
				GENERATE_INFOPLIST_FILE = YES;
				"INFOPLIST_KEY_UIApplicationSceneManifest_Generation[sdk=iphoneos*]" = YES;
				"INFOPLIST_KEY_UIApplicationSceneManifest_Generation[sdk=iphonesimulator*]" = YES;
				"INFOPLIST_KEY_UIApplicationSupportsIndirectInputEvents[sdk=iphoneos*]" = YES;
				"INFOPLIST_KEY_UIApplicationSupportsIndirectInputEvents[sdk=iphonesimulator*]" = YES;
				"INFOPLIST_KEY_UILaunchScreen_Generation[sdk=iphoneos*]" = YES;
				"INFOPLIST_KEY_UILaunchScreen_Generation[sdk=iphonesimulator*]" = YES;
				"INFOPLIST_KEY_UIStatusBarStyle[sdk=iphoneos*]" = UIStatusBarStyleDefault;
				"INFOPLIST_KEY_UIStatusBarStyle[sdk=iphonesimulator*]" = UIStatusBarStyleDefault;
				INFOPLIST_KEY_UISupportedInterfaceOrientations_iPad = "UIInterfaceOrientationPortrait UIInterfaceOrientationPortraitUpsideDown UIInterfaceOrientationLandscapeLeft UIInterfaceOrientationLandscapeRight";
				INFOPLIST_KEY_UISupportedInterfaceOrientations_iPhone = "UIInterfaceOrientationPortrait UIInterfaceOrientationLandscapeLeft UIInterfaceOrientationLandscapeRight";
				IPHONEOS_DEPLOYMENT_TARGET = 16.2;
				LD_RUNPATH_SEARCH_PATHS = "@executable_path/Frameworks";
				"LD_RUNPATH_SEARCH_PATHS[sdk=macosx*]" = "@executable_path/../Frameworks";
				MACOSX_DEPLOYMENT_TARGET = 13.0;
				MARKETING_VERSION = 1.0;
				PRODUCT_BUNDLE_IDENTIFIER = online.larissais.Converto;
				PRODUCT_NAME = "$(TARGET_NAME)";
				SDKROOT = auto;
				SUPPORTED_PLATFORMS = "iphoneos iphonesimulator macosx";
				SWIFT_EMIT_LOC_STRINGS = YES;
				SWIFT_VERSION = 5.0;
				TARGETED_DEVICE_FAMILY = "1,2";
			};
			name = Debug;
		};
		4E11F42429D23125005185F3 /* Release */ = {
			isa = XCBuildConfiguration;
			buildSettings = {
				ASSETCATALOG_COMPILER_APPICON_NAME = AppIcon;
				ASSETCATALOG_COMPILER_GLOBAL_ACCENT_COLOR_NAME = AccentColor;
				ASSETCATALOG_COMPILER_INCLUDE_ALL_APPICON_ASSETS = YES;
				CODE_SIGN_ENTITLEMENTS = Converto/Converto.entitlements;
				CODE_SIGN_STYLE = Automatic;
				CURRENT_PROJECT_VERSION = 1;
				DEVELOPMENT_ASSET_PATHS = "\"Converto/Preview Content\"";
				ENABLE_PREVIEWS = YES;
				GENERATE_INFOPLIST_FILE = YES;
				"INFOPLIST_KEY_UIApplicationSceneManifest_Generation[sdk=iphoneos*]" = YES;
				"INFOPLIST_KEY_UIApplicationSceneManifest_Generation[sdk=iphonesimulator*]" = YES;
				"INFOPLIST_KEY_UIApplicationSupportsIndirectInputEvents[sdk=iphoneos*]" = YES;
				"INFOPLIST_KEY_UIApplicationSupportsIndirectInputEvents[sdk=iphonesimulator*]" = YES;
				"INFOPLIST_KEY_UILaunchScreen_Generation[sdk=iphoneos*]" = YES;
				"INFOPLIST_KEY_UILaunchScreen_Generation[sdk=iphonesimulator*]" = YES;
				"INFOPLIST_KEY_UIStatusBarStyle[sdk=iphoneos*]" = UIStatusBarStyleDefault;
				"INFOPLIST_KEY_UIStatusBarStyle[sdk=iphonesimulator*]" = UIStatusBarStyleDefault;
				INFOPLIST_KEY_UISupportedInterfaceOrientations_iPad = "UIInterfaceOrientationPortrait UIInterfaceOrientationPortraitUpsideDown UIInterfaceOrientationLandscapeLeft UIInterfaceOrientationLandscapeRight";
				INFOPLIST_KEY_UISupportedInterfaceOrientations_iPhone = "UIInterfaceOrientationPortrait UIInterfaceOrientationLandscapeLeft UIInterfaceOrientationLandscapeRight";
				IPHONEOS_DEPLOYMENT_TARGET = 16.2;
				LD_RUNPATH_SEARCH_PATHS = "@executable_path/Frameworks";
				"LD_RUNPATH_SEARCH_PATHS[sdk=macosx*]" = "@executable_path/../Frameworks";
				MACOSX_DEPLOYMENT_TARGET = 13.0;
				MARKETING_VERSION = 1.0;
				PRODUCT_BUNDLE_IDENTIFIER = online.larissais.Converto;
				PRODUCT_NAME = "$(TARGET_NAME)";
				SDKROOT = auto;
				SUPPORTED_PLATFORMS = "iphoneos iphonesimulator macosx";
				SWIFT_EMIT_LOC_STRINGS = YES;
				SWIFT_VERSION = 5.0;
				TARGETED_DEVICE_FAMILY = "1,2";
			};
			name = Release;
		};
		4E11F42629D23125005185F3 /* Debug */ = {
			isa = XCBuildConfiguration;
			buildSettings = {
				ALWAYS_EMBED_SWIFT_STANDARD_LIBRARIES = YES;
				BUNDLE_LOADER = "$(TEST_HOST)";
				CODE_SIGN_STYLE = Automatic;
				CURRENT_PROJECT_VERSION = 1;
				GENERATE_INFOPLIST_FILE = YES;
				IPHONEOS_DEPLOYMENT_TARGET = 16.2;
				MACOSX_DEPLOYMENT_TARGET = 13.0;
				MARKETING_VERSION = 1.0;
				PRODUCT_BUNDLE_IDENTIFIER = online.larissais.ConvertoTests;
				PRODUCT_NAME = "$(TARGET_NAME)";
				SDKROOT = auto;
				SUPPORTED_PLATFORMS = "iphoneos iphonesimulator macosx";
				SWIFT_EMIT_LOC_STRINGS = NO;
				SWIFT_VERSION = 5.0;
				TARGETED_DEVICE_FAMILY = "1,2";
				TEST_HOST = "$(BUILT_PRODUCTS_DIR)/Converto.app/$(BUNDLE_EXECUTABLE_FOLDER_PATH)/Converto";
			};
			name = Debug;
		};
		4E11F42729D23125005185F3 /* Release */ = {
			isa = XCBuildConfiguration;
			buildSettings = {
				ALWAYS_EMBED_SWIFT_STANDARD_LIBRARIES = YES;
				BUNDLE_LOADER = "$(TEST_HOST)";
				CODE_SIGN_STYLE = Automatic;
				CURRENT_PROJECT_VERSION = 1;
				GENERATE_INFOPLIST_FILE = YES;
				IPHONEOS_DEPLOYMENT_TARGET = 16.2;
				MACOSX_DEPLOYMENT_TARGET = 13.0;
				MARKETING_VERSION = 1.0;
				PRODUCT_BUNDLE_IDENTIFIER = online.larissais.ConvertoTests;
				PRODUCT_NAME = "$(TARGET_NAME)";
				SDKROOT = auto;
				SUPPORTED_PLATFORMS = "iphoneos iphonesimulator macosx";
				SWIFT_EMIT_LOC_STRINGS = NO;
				SWIFT_VERSION = 5.0;
				TARGETED_DEVICE_FAMILY = "1,2";
				TEST_HOST = "$(BUILT_PRODUCTS_DIR)/Converto.app/$(BUNDLE_EXECUTABLE_FOLDER_PATH)/Converto";
			};
			name = Release;
		};
		4E11F42929D23125005185F3 /* Debug */ = {
			isa = XCBuildConfiguration;
			buildSettings = {
				ALWAYS_EMBED_SWIFT_STANDARD_LIBRARIES = YES;
				CODE_SIGN_STYLE = Automatic;
				CURRENT_PROJECT_VERSION = 1;
				GENERATE_INFOPLIST_FILE = YES;
				IPHONEOS_DEPLOYMENT_TARGET = 16.0;
				MACOSX_DEPLOYMENT_TARGET = 13.0;
				MARKETING_VERSION = 1.0;
				PRODUCT_BUNDLE_IDENTIFIER = online.larissais.ConvertoUITests;
				PRODUCT_NAME = "$(TARGET_NAME)";
				SDKROOT = auto;
				SUPPORTED_PLATFORMS = "iphoneos iphonesimulator macosx";
				SWIFT_EMIT_LOC_STRINGS = NO;
				SWIFT_VERSION = 5.0;
				TARGETED_DEVICE_FAMILY = "1,2";
				TEST_TARGET_NAME = Converto;
			};
			name = Debug;
		};
		4E11F42A29D23125005185F3 /* Release */ = {
			isa = XCBuildConfiguration;
			buildSettings = {
				ALWAYS_EMBED_SWIFT_STANDARD_LIBRARIES = YES;
				CODE_SIGN_STYLE = Automatic;
				CURRENT_PROJECT_VERSION = 1;
				GENERATE_INFOPLIST_FILE = YES;
				IPHONEOS_DEPLOYMENT_TARGET = 16.0;
				MACOSX_DEPLOYMENT_TARGET = 13.0;
				MARKETING_VERSION = 1.0;
				PRODUCT_BUNDLE_IDENTIFIER = online.larissais.ConvertoUITests;
				PRODUCT_NAME = "$(TARGET_NAME)";
				SDKROOT = auto;
				SUPPORTED_PLATFORMS = "iphoneos iphonesimulator macosx";
				SWIFT_EMIT_LOC_STRINGS = NO;
				SWIFT_VERSION = 5.0;
				TARGETED_DEVICE_FAMILY = "1,2";
				TEST_TARGET_NAME = Converto;
			};
			name = Release;
		};
/* End XCBuildConfiguration section */

/* Begin XCConfigurationList section */
		4E11F3F829D23124005185F3 /* Build configuration list for PBXProject "Converto" */ = {
			isa = XCConfigurationList;
			buildConfigurations = (
				4E11F42029D23125005185F3 /* Debug */,
				4E11F42129D23125005185F3 /* Release */,
			);
			defaultConfigurationIsVisible = 0;
			defaultConfigurationName = Release;
		};
		4E11F42229D23125005185F3 /* Build configuration list for PBXNativeTarget "Converto" */ = {
			isa = XCConfigurationList;
			buildConfigurations = (
				4E11F42329D23125005185F3 /* Debug */,
				4E11F42429D23125005185F3 /* Release */,
			);
			defaultConfigurationIsVisible = 0;
			defaultConfigurationName = Release;
		};
		4E11F42529D23125005185F3 /* Build configuration list for PBXNativeTarget "ConvertoTests" */ = {
			isa = XCConfigurationList;
			buildConfigurations = (
				4E11F42629D23125005185F3 /* Debug */,
				4E11F42729D23125005185F3 /* Release */,
			);
			defaultConfigurationIsVisible = 0;
			defaultConfigurationName = Release;
		};
		4E11F42829D23125005185F3 /* Build configuration list for PBXNativeTarget "ConvertoUITests" */ = {
			isa = XCConfigurationList;
			buildConfigurations = (
				4E11F42929D23125005185F3 /* Debug */,
				4E11F42A29D23125005185F3 /* Release */,
			);
			defaultConfigurationIsVisible = 0;
			defaultConfigurationName = Release;
		};
/* End XCConfigurationList section */

/* Begin XCRemoteSwiftPackageReference section */
		4E11F48329D8BE60005185F3 /* XCRemoteSwiftPackageReference "OHHTTPStubs" */ = {
			isa = XCRemoteSwiftPackageReference;
			repositoryURL = "https://github.com/AliSoftware/OHHTTPStubs.git";
			requirement = {
				branch = master;
				kind = branch;
			};
		};
/* End XCRemoteSwiftPackageReference section */

/* Begin XCSwiftPackageProductDependency section */
		4E11F48429D8BE60005185F3 /* OHHTTPStubs */ = {
			isa = XCSwiftPackageProductDependency;
			package = 4E11F48329D8BE60005185F3 /* XCRemoteSwiftPackageReference "OHHTTPStubs" */;
			productName = OHHTTPStubs;
		};
		4E11F48629D8BE60005185F3 /* OHHTTPStubsSwift */ = {
			isa = XCSwiftPackageProductDependency;
			package = 4E11F48329D8BE60005185F3 /* XCRemoteSwiftPackageReference "OHHTTPStubs" */;
			productName = OHHTTPStubsSwift;
		};
		4E11F48E29D8C194005185F3 /* OHHTTPStubs */ = {
			isa = XCSwiftPackageProductDependency;
			package = 4E11F48329D8BE60005185F3 /* XCRemoteSwiftPackageReference "OHHTTPStubs" */;
			productName = OHHTTPStubs;
		};
		4E11F49029D8C194005185F3 /* OHHTTPStubsSwift */ = {
			isa = XCSwiftPackageProductDependency;
			package = 4E11F48329D8BE60005185F3 /* XCRemoteSwiftPackageReference "OHHTTPStubs" */;
			productName = OHHTTPStubsSwift;
		};
/* End XCSwiftPackageProductDependency section */
	};
	rootObject = 4E11F3F529D23124005185F3 /* Project object */;
}
